
Microsoft Visual Studio Solution File, Format Version 12.00
# Visual Studio Version 16
VisualStudioVersion = 16.0.30204.135
MinimumVisualStudioVersion = 10.0.40219.1
Project("{FAE04EC0-301F-11D3-BF4B-00C04F79EFBC}") = "ProZad", "ProZad\ProZad.csproj", "{7D585BD6-0E9E-4EDA-A508-9AE9B4C8FAFD}"
EndProject
Global
	GlobalSection(SolutionConfigurationPlatforms) = preSolution
		Debug|Any CPU = Debug|Any CPU
		Release|Any CPU = Release|Any CPU
	EndGlobalSection
	GlobalSection(ProjectConfigurationPlatforms) = postSolution
		{7D585BD6-0E9E-4EDA-A508-9AE9B4C8FAFD}.Debug|Any CPU.ActiveCfg = Debug|Any CPU
		{7D585BD6-0E9E-4EDA-A508-9AE9B4C8FAFD}.Debug|Any CPU.Build.0 = Debug|Any CPU
		{7D585BD6-0E9E-4EDA-A508-9AE9B4C8FAFD}.Release|Any CPU.ActiveCfg = Release|Any CPU
		{7D585BD6-0E9E-4EDA-A508-9AE9B4C8FAFD}.Release|Any CPU.Build.0 = Release|Any CPU
	EndGlobalSection
	GlobalSection(SolutionProperties) = preSolution
		HideSolutionNode = FALSE
	EndGlobalSection
	GlobalSection(ExtensibilityGlobals) = postSolution
		SolutionGuid = {B261FF27-B294-4E56-BAA4-123BB3C53C74}
	EndGlobalSection
EndGlobal
